
Microsoft Visual Studio Solution File, Format Version 12.00
# Visual Studio Version 17
VisualStudioVersion = 17.13.35806.99 d17.13
MinimumVisualStudioVersion = 10.0.40219.1
Project("{FAE04EC0-301F-11D3-BF4B-00C04F79EFBC}") = "CosyShelf.WPF", "CosyShelf.WPF\CosyShelf.WPF.csproj", "{71923455-9E3A-4636-A990-D23BDC2B1DF3}"
EndProject
Project("{FAE04EC0-301F-11D3-BF4B-00C04F79EFBC}") = "CosyShelf.Core", "CosyShelf.Core\CosyShelf.Core.csproj", "{6A6D9640-667D-4860-A0DA-806B4D3BDCF4}"
EndProject
Project("{FAE04EC0-301F-11D3-BF4B-00C04F79EFBC}") = "CosyShelf.Data", "CosyShelf.Data\CosyShelf.Data.csproj", "{7957513B-3A24-42FB-8720-0E07D584FDFB}"
EndProject
Global
	GlobalSection(SolutionConfigurationPlatforms) = preSolution
		Debug|Any CPU = Debug|Any CPU
		Release|Any CPU = Release|Any CPU
	EndGlobalSection
	GlobalSection(ProjectConfigurationPlatforms) = postSolution
		{71923455-9E3A-4636-A990-D23BDC2B1DF3}.Debug|Any CPU.ActiveCfg = Debug|Any CPU
		{71923455-9E3A-4636-A990-D23BDC2B1DF3}.Debug|Any CPU.Build.0 = Debug|Any CPU
		{71923455-9E3A-4636-A990-D23BDC2B1DF3}.Release|Any CPU.ActiveCfg = Release|Any CPU
		{71923455-9E3A-4636-A990-D23BDC2B1DF3}.Release|Any CPU.Build.0 = Release|Any CPU
		{6A6D9640-667D-4860-A0DA-806B4D3BDCF4}.Debug|Any CPU.ActiveCfg = Debug|Any CPU
		{6A6D9640-667D-4860-A0DA-806B4D3BDCF4}.Debug|Any CPU.Build.0 = Debug|Any CPU
		{6A6D9640-667D-4860-A0DA-806B4D3BDCF4}.Release|Any CPU.ActiveCfg = Release|Any CPU
		{6A6D9640-667D-4860-A0DA-806B4D3BDCF4}.Release|Any CPU.Build.0 = Release|Any CPU
		{7957513B-3A24-42FB-8720-0E07D584FDFB}.Debug|Any CPU.ActiveCfg = Debug|Any CPU
		{7957513B-3A24-42FB-8720-0E07D584FDFB}.Debug|Any CPU.Build.0 = Debug|Any CPU
		{7957513B-3A24-42FB-8720-0E07D584FDFB}.Release|Any CPU.ActiveCfg = Release|Any CPU
		{7957513B-3A24-42FB-8720-0E07D584FDFB}.Release|Any CPU.Build.0 = Release|Any CPU
	EndGlobalSection
	GlobalSection(SolutionProperties) = preSolution
		HideSolutionNode = FALSE
	EndGlobalSection
	GlobalSection(ExtensibilityGlobals) = postSolution
		SolutionGuid = {88652C72-8534-4956-AA29-74D7F60C18B0}
	EndGlobalSection
EndGlobal
